dependencies:
- name: mlflow
  repository: https://charts.bitnami.com/bitnami
  version: 3.0.1
- name: prometheus
  repository: https://prometheus-community.github.io/helm-charts
  version: 27.8.0
- name: grafana
  repository: https://grafana.github.io/helm-charts
  version: 8.11.3
- name: postgresql
  repository: https://charts.bitnami.com/bitnami
  version: 16.6.3
- name: argo-cd
  repository: https://argoproj.github.io/argo-helm
  version: 7.8.28
- name: harbor
  repository: https://charts.bitnami.com/bitnami
  version: 24.6.1
- name: gha-runner-scale-set-controller
  repository: file://charts/gha-runner-scale-set-controller
  version: 0.11.0
- name: gha-runner-scale-set
  repository: file://charts/gha-runner-scale-set
  version: 0.11.0
digest: sha256:46c415be300ebc9cd6b4d3873325e2b8c72a4732621916085196823c020c2e23
generated: "2025-05-02T11:17:12.589571922+09:00"
