dependencies:
- name: airflow
  repository: https://airflow.apache.org
  version: 1.16.0
- name: mlflow
  repository: https://community-charts.github.io/helm-charts
  version: 0.16.4
- name: prometheus
  repository: https://prometheus-community.github.io/helm-charts
  version: 27.8.0
- name: grafana
  repository: https://grafana.github.io/helm-charts
  version: 8.11.3
- name: tritoninferenceserver
  repository: https://helm.ngc.nvidia.com/nvidia
  version: 1.0.0
- name: postgresql
  repository: https://charts.bitnami.com/bitnami
  version: 16.6.0
digest: sha256:b96ee2f11d36e82467fd396dd800003aa7bb4c9306b037494a7667952c7b3044
generated: "2025-04-07T17:12:18.360308017+09:00"
